// !$*UTF8*$!
{
	archiveVersion = 1;
	classes = {
	};
	objectVersion = 50;
	objects = {

/* Begin PBXBuildFile section */
		055028BB25B9BCE300526DF4 /* AppDelegate.swift in Sources */ = {isa = PBXBuildFile; fileRef = 055028BA25B9BCE300526DF4 /* AppDelegate.swift */; };
		055028BD25B9BCE300526DF4 /* SceneDelegate.swift in Sources */ = {isa = PBXBuildFile; fileRef = 055028BC25B9BCE300526DF4 /* SceneDelegate.swift */; };
		055028C225B9BCE300526DF4 /* Main.storyboard in Resources */ = {isa = PBXBuildFile; fileRef = 055028C025B9BCE300526DF4 /* Main.storyboard */; };
		055028C425B9BCE600526DF4 /* Assets.xcassets in Resources */ = {isa = PBXBuildFile; fileRef = 055028C325B9BCE600526DF4 /* Assets.xcassets */; };
		055028C725B9BCE600526DF4 /* LaunchScreen.storyboard in Resources */ = {isa = PBXBuildFile; fileRef = 055028C525B9BCE600526DF4 /* LaunchScreen.storyboard */; };
		055028D125B9C29F00526DF4 /* SpaceVC.swift in Sources */ = {isa = PBXBuildFile; fileRef = 055028D025B9C29F00526DF4 /* SpaceVC.swift */; };
		055028D425B9C2AB00526DF4 /* OceanVC.swift in Sources */ = {isa = PBXBuildFile; fileRef = 055028D325B9C2AB00526DF4 /* OceanVC.swift */; };
		055028D725B9C2F300526DF4 /* MountainVC.swift in Sources */ = {isa = PBXBuildFile; fileRef = 055028D625B9C2F300526DF4 /* MountainVC.swift */; };
/* End PBXBuildFile section */

/* Begin PBXFileReference section */
		055028B725B9BCE300526DF4 /* Shortcut.app */ = {isa = PBXFileReference; explicitFileType = wrapper.application; includeInIndex = 0; path = Shortcut.app; sourceTree = BUILT_PRODUCTS_DIR; };
		055028BA25B9BCE300526DF4 /* AppDelegate.swift */ = {isa = PBXFileReference; lastKnownFileType = sourcecode.swift; path = AppDelegate.swift; sourceTree = "<group>"; };
		055028BC25B9BCE300526DF4 /* SceneDelegate.swift */ = {isa = PBXFileReference; lastKnownFileType = sourcecode.swift; path = SceneDelegate.swift; sourceTree = "<group>"; };
		055028C125B9BCE300526DF4 /* Base */ = {isa = PBXFileReference; lastKnownFileType = file.storyboard; name = Base; path = Base.lproj/Main.storyboard; sourceTree = "<group>"; };
		055028C325B9BCE600526DF4 /* Assets.xcassets */ = {isa = PBXFileReference; lastKnownFileType = folder.assetcatalog; path = Assets.xcassets; sourceTree = "<group>"; };
		055028C625B9BCE600526DF4 /* Base */ = {isa = PBXFileReference; lastKnownFileType = file.storyboard; name = Base; path = Base.lproj/LaunchScreen.storyboard; sourceTree = "<group>"; };
		055028C825B9BCE600526DF4 /* Info.plist */ = {isa = PBXFileReference; lastKnownFileType = text.plist.xml; path = Info.plist; sourceTree = "<group>"; };
		055028D025B9C29F00526DF4 /* SpaceVC.swift */ = {isa = PBXFileReference; lastKnownFileType = sourcecode.swift; path = SpaceVC.swift; sourceTree = "<group>"; };
		055028D325B9C2AB00526DF4 /* OceanVC.swift */ = {isa = PBXFileReference; lastKnownFileType = sourcecode.swift; path = OceanVC.swift; sourceTree = "<group>"; };
		055028D625B9C2F300526DF4 /* MountainVC.swift */ = {isa = PBXFileReference; lastKnownFileType = sourcecode.swift; path = MountainVC.swift; sourceTree = "<group>"; };
/* End PBXFileReference section */

/* Begin PBXFrameworksBuildPhase section */
		055028B425B9BCE300526DF4 /* Frameworks */ = {
			isa = PBXFrameworksBuildPhase;
			buildActionMask = 2147483647;
			files = (
			);
			runOnlyForDeploymentPostprocessing = 0;
		};
/* End PBXFrameworksBuildPhase section */

/* Begin PBXGroup section */
		055028AE25B9BCE300526DF4 = {
			isa = PBXGroup;
			children = (
				055028B925B9BCE300526DF4 /* Shortcut */,
				055028B825B9BCE300526DF4 /* Products */,
			);
			sourceTree = "<group>";
		};
		055028B825B9BCE300526DF4 /* Products */ = {
			isa = PBXGroup;
			children = (
				055028B725B9BCE300526DF4 /* Shortcut.app */,
			);
			name = Products;
			sourceTree = "<group>";
		};
		055028B925B9BCE300526DF4 /* Shortcut */ = {
			isa = PBXGroup;
			children = (
				055028D925B9C33500526DF4 /* Controller */,
				055028BA25B9BCE300526DF4 /* AppDelegate.swift */,
				055028BC25B9BCE300526DF4 /* SceneDelegate.swift */,
				055028C025B9BCE300526DF4 /* Main.storyboard */,
				055028C325B9BCE600526DF4 /* Assets.xcassets */,
				055028C525B9BCE600526DF4 /* LaunchScreen.storyboard */,
				055028C825B9BCE600526DF4 /* Info.plist */,
			);
			path = Shortcut;
			sourceTree = "<group>";
		};
		055028D925B9C33500526DF4 /* Controller */ = {
			isa = PBXGroup;
			children = (
				055028D025B9C29F00526DF4 /* SpaceVC.swift */,
				055028D325B9C2AB00526DF4 /* OceanVC.swift */,
				055028D625B9C2F300526DF4 /* MountainVC.swift */,
			);
			path = Controller;
			sourceTree = "<group>";
		};
/* End PBXGroup section */

/* Begin PBXNativeTarget section */
		055028B625B9BCE300526DF4 /* Shortcut */ = {
			isa = PBXNativeTarget;
			buildConfigurationList = 055028CB25B9BCE600526DF4 /* Build configuration list for PBXNativeTarget "Shortcut" */;
			buildPhases = (
				055028B325B9BCE300526DF4 /* Sources */,
				055028B425B9BCE300526DF4 /* Frameworks */,
				055028B525B9BCE300526DF4 /* Resources */,
			);
			buildRules = (
			);
			dependencies = (
			);
			name = Shortcut;
			productName = Shortcut;
			productReference = 055028B725B9BCE300526DF4 /* Shortcut.app */;
			productType = "com.apple.product-type.application";
		};
/* End PBXNativeTarget section */

/* Begin PBXProject section */
		055028AF25B9BCE300526DF4 /* Project object */ = {
			isa = PBXProject;
			attributes = {
				LastSwiftUpdateCheck = 1230;
				LastUpgradeCheck = 1230;
				TargetAttributes = {
					055028B625B9BCE300526DF4 = {
						CreatedOnToolsVersion = 12.3;
					};
				};
			};
			buildConfigurationList = 055028B225B9BCE300526DF4 /* Build configuration list for PBXProject "Shortcut" */;
			compatibilityVersion = "Xcode 9.3";
			developmentRegion = en;
			hasScannedForEncodings = 0;
			knownRegions = (
				en,
				Base,
			);
			mainGroup = 055028AE25B9BCE300526DF4;
			productRefGroup = 055028B825B9BCE300526DF4 /* Products */;
			projectDirPath = "";
			projectRoot = "";
			targets = (
				055028B625B9BCE300526DF4 /* Shortcut */,
			);
		};
/* End PBXProject section */

/* Begin PBXResourcesBuildPhase section */
		055028B525B9BCE300526DF4 /* Resources */ = {
			isa = PBXResourcesBuildPhase;
			buildActionMask = 2147483647;
			files = (
				055028C725B9BCE600526DF4 /* LaunchScreen.storyboard in Resources */,
				055028C425B9BCE600526DF4 /* Assets.xcassets in Resources */,
				055028C225B9BCE300526DF4 /* Main.storyboard in Resources */,
			);
			runOnlyForDeploymentPostprocessing = 0;
		};
/* End PBXResourcesBuildPhase section */

/* Begin PBXSourcesBuildPhase section */
		055028B325B9BCE300526DF4 /* Sources */ = {
			isa = PBXSourcesBuildPhase;
			buildActionMask = 2147483647;
			files = (
				055028D125B9C29F00526DF4 /* SpaceVC.swift in Sources */,
				055028BB25B9BCE300526DF4 /* AppDelegate.swift in Sources */,
				055028D725B9C2F300526DF4 /* MountainVC.swift in Sources */,
				055028D425B9C2AB00526DF4 /* OceanVC.swift in Sources */,
				055028BD25B9BCE300526DF4 /* SceneDelegate.swift in Sources */,
			);
			runOnlyForDeploymentPostprocessing = 0;
		};
/* End PBXSourcesBuildPhase section */

/* Begin PBXVariantGroup section */
		055028C025B9BCE300526DF4 /* Main.storyboard */ = {
			isa = PBXVariantGroup;
			children = (
				055028C125B9BCE300526DF4 /* Base */,
			);
			name = Main.storyboard;
			sourceTree = "<group>";
		};
		055028C525B9BCE600526DF4 /* LaunchScreen.storyboard */ = {
			isa = PBXVariantGroup;
			children = (
				055028C625B9BCE600526DF4 /* Base */,
			);
			name = LaunchScreen.storyboard;
			sourceTree = "<group>";
		};
/* End PBXVariantGroup section */

/* Begin XCBuildConfiguration section */
		055028C925B9BCE600526DF4 /* Debug */ = {
			isa = XCBuildConfiguration;
			buildSettings = {
				ALWAYS_SEARCH_USER_PATHS = NO;
				CLANG_ANALYZER_NONNULL = YES;
				CLANG_ANALYZER_NUMBER_OBJECT_CONVERSION = YES_AGGRESSIVE;
				CLANG_CXX_LANGUAGE_STANDARD = "gnu++14";
				CLANG_CXX_LIBRARY = "libc++";
				CLANG_ENABLE_MODULES = YES;
				CLANG_ENABLE_OBJC_ARC = YES;
				CLANG_ENABLE_OBJC_WEAK = YES;
				CLANG_WARN_BLOCK_CAPTURE_AUTORELEASING = YES;
				CLANG_WARN_BOOL_CONVERSION = YES;
				CLANG_WARN_COMMA = YES;
				CLANG_WARN_CONSTANT_CONVERSION = YES;
				CLANG_WARN_DEPRECATED_OBJC_IMPLEMENTATIONS = YES;
				CLANG_WARN_DIRECT_OBJC_ISA_USAGE = YES_ERROR;
				CLANG_WARN_DOCUMENTATION_COMMENTS = YES;
				CLANG_WARN_EMPTY_BODY = YES;
				CLANG_WARN_ENUM_CONVERSION = YES;
				CLANG_WARN_INFINITE_RECURSION = YES;
				CLANG_WARN_INT_CONVERSION = YES;
				CLANG_WARN_NON_LITERAL_NULL_CONVERSION = YES;
				CLANG_WARN_OBJC_IMPLICIT_RETAIN_SELF = YES;
				CLANG_WARN_OBJC_LITERAL_CONVERSION = YES;
				CLANG_WARN_OBJC_ROOT_CLASS = YES_ERROR;
				CLANG_WARN_QUOTED_INCLUDE_IN_FRAMEWORK_HEADER = YES;
				CLANG_WARN_RANGE_LOOP_ANALYSIS = YES;
				CLANG_WARN_STRICT_PROTOTYPES = YES;
				CLANG_WARN_SUSPICIOUS_MOVE = YES;
				CLANG_WARN_UNGUARDED_AVAILABILITY = YES_AGGRESSIVE;
				CLANG_WARN_UNREACHABLE_CODE = YES;
				CLANG_WARN__DUPLICATE_METHOD_MATCH = YES;
				COPY_PHASE_STRIP = NO;
				DEBUG_INFORMATION_FORMAT = dwarf;
				ENABLE_STRICT_OBJC_MSGSEND = YES;
				ENABLE_TESTABILITY = YES;
				GCC_C_LANGUAGE_STANDARD = gnu11;
				GCC_DYNAMIC_NO_PIC = NO;
				GCC_NO_COMMON_BLOCKS = YES;
				GCC_OPTIMIZATION_LEVEL = 0;
				GCC_PREPROCESSOR_DEFINITIONS = (
					"DEBUG=1",
					"$(inherited)",
				);
				GCC_WARN_64_TO_32_BIT_CONVERSION = YES;
				GCC_WARN_ABOUT_RETURN_TYPE = YES_ERROR;
				GCC_WARN_UNDECLARED_SELECTOR = YES;
				GCC_WARN_UNINITIALIZED_AUTOS = YES_AGGRESSIVE;
				GCC_WARN_UNUSED_FUNCTION = YES;
				GCC_WARN_UNUSED_VARIABLE = YES;
				IPHONEOS_DEPLOYMENT_TARGET = 14.3;
				MTL_ENABLE_DEBUG_INFO = INCLUDE_SOURCE;
				MTL_FAST_MATH = YES;
				ONLY_ACTIVE_ARCH = YES;
				SDKROOT = iphoneos;
				SWIFT_ACTIVE_COMPILATION_CONDITIONS = DEBUG;
				SWIFT_OPTIMIZATION_LEVEL = "-Onone";
			};
			name = Debug;
		};
		055028CA25B9BCE600526DF4 /* Release */ = {
			isa = XCBuildConfiguration;
			buildSettings = {
				ALWAYS_SEARCH_USER_PATHS = NO;
				CLANG_ANALYZER_NONNULL = YES;
				CLANG_ANALYZER_NUMBER_OBJECT_CONVERSION = YES_AGGRESSIVE;
				CLANG_CXX_LANGUAGE_STANDARD = "gnu++14";
				CLANG_CXX_LIBRARY = "libc++";
				CLANG_ENABLE_MODULES = YES;
				CLANG_ENABLE_OBJC_ARC = YES;
				CLANG_ENABLE_OBJC_WEAK = YES;
				CLANG_WARN_BLOCK_CAPTURE_AUTORELEASING = YES;
				CLANG_WARN_BOOL_CONVERSION = YES;
				CLANG_WARN_COMMA = YES;
				CLANG_WARN_CONSTANT_CONVERSION = YES;
				CLANG_WARN_DEPRECATED_OBJC_IMPLEMENTATIONS = YES;
				CLANG_WARN_DIRECT_OBJC_ISA_USAGE = YES_ERROR;
				CLANG_WARN_DOCUMENTATION_COMMENTS = YES;
				CLANG_WARN_EMPTY_BODY = YES;
				CLANG_WARN_ENUM_CONVERSION = YES;
				CLANG_WARN_INFINITE_RECURSION = YES;
				CLANG_WARN_INT_CONVERSION = YES;
				CLANG_WARN_NON_LITERAL_NULL_CONVERSION = YES;
				CLANG_WARN_OBJC_IMPLICIT_RETAIN_SELF = YES;
				CLANG_WARN_OBJC_LITERAL_CONVERSION = YES;
				CLANG_WARN_OBJC_ROOT_CLASS = YES_ERROR;
				CLANG_WARN_QUOTED_INCLUDE_IN_FRAMEWORK_HEADER = YES;
				CLANG_WARN_RANGE_LOOP_ANALYSIS = YES;
				CLANG_WARN_STRICT_PROTOTYPES = YES;
				CLANG_WARN_SUSPICIOUS_MOVE = YES;
				CLANG_WARN_UNGUARDED_AVAILABILITY = YES_AGGRESSIVE;
				CLANG_WARN_UNREACHABLE_CODE = YES;
				CLANG_WARN__DUPLICATE_METHOD_MATCH = YES;
				COPY_PHASE_STRIP = NO;
				DEBUG_INFORMATION_FORMAT = "dwarf-with-dsym";
				ENABLE_NS_ASSERTIONS = NO;
				ENABLE_STRICT_OBJC_MSGSEND = YES;
				GCC_C_LANGUAGE_STANDARD = gnu11;
				GCC_NO_COMMON_BLOCKS = YES;
				GCC_WARN_64_TO_32_BIT_CONVERSION = YES;
				GCC_WARN_ABOUT_RETURN_TYPE = YES_ERROR;
				GCC_WARN_UNDECLARED_SELECTOR = YES;
				GCC_WARN_UNINITIALIZED_AUTOS = YES_AGGRESSIVE;
				GCC_WARN_UNUSED_FUNCTION = YES;
				GCC_WARN_UNUSED_VARIABLE = YES;
				IPHONEOS_DEPLOYMENT_TARGET = 14.3;
				MTL_ENABLE_DEBUG_INFO = NO;
				MTL_FAST_MATH = YES;
				SDKROOT = iphoneos;
				SWIFT_COMPILATION_MODE = wholemodule;
				SWIFT_OPTIMIZATION_LEVEL = "-O";
				VALIDATE_PRODUCT = YES;
			};
			name = Release;
		};
		055028CC25B9BCE600526DF4 /* Debug */ = {
			isa = XCBuildConfiguration;
			buildSettings = {
				ASSETCATALOG_COMPILER_APPICON_NAME = AppIcon;
				ASSETCATALOG_COMPILER_GLOBAL_ACCENT_COLOR_NAME = AccentColor;
				CODE_SIGN_STYLE = Automatic;
				DEVELOPMENT_TEAM = W8PA5V3MFD;
				INFOPLIST_FILE = Shortcut/Info.plist;
				LD_RUNPATH_SEARCH_PATHS = (
					"$(inherited)",
					"@executable_path/Frameworks",
				);
				PRODUCT_BUNDLE_IDENTIFIER = com.maksimPonomarev.Shortcut;
				PRODUCT_NAME = "$(TARGET_NAME)";
				SWIFT_VERSION = 5.0;
				TARGETED_DEVICE_FAMILY = "1,2";
			};
			name = Debug;
		};
		055028CD25B9BCE600526DF4 /* Release */ = {
			isa = XCBuildConfiguration;
			buildSettings = {
				ASSETCATALOG_COMPILER_APPICON_NAME = AppIcon;
				ASSETCATALOG_COMPILER_GLOBAL_ACCENT_COLOR_NAME = AccentColor;
				CODE_SIGN_STYLE = Automatic;
				DEVELOPMENT_TEAM = W8PA5V3MFD;
				INFOPLIST_FILE = Shortcut/Info.plist;
				LD_RUNPATH_SEARCH_PATHS = (
					"$(inherited)",
					"@executable_path/Frameworks",
				);
				PRODUCT_BUNDLE_IDENTIFIER = com.maksimPonomarev.Shortcut;
				PRODUCT_NAME = "$(TARGET_NAME)";
				SWIFT_VERSION = 5.0;
				TARGETED_DEVICE_FAMILY = "1,2";
			};
			name = Release;
		};
/* End XCBuildConfiguration section */

/* Begin XCConfigurationList section */
		055028B225B9BCE300526DF4 /* Build configuration list for PBXProject "Shortcut" */ = {
			isa = XCConfigurationList;
			buildConfigurations = (
				055028C925B9BCE600526DF4 /* Debug */,
				055028CA25B9BCE600526DF4 /* Release */,
			);
			defaultConfigurationIsVisible = 0;
			defaultConfigurationName = Release;
		};
		055028CB25B9BCE600526DF4 /* Build configuration list for PBXNativeTarget "Shortcut" */ = {
			isa = XCConfigurationList;
			buildConfigurations = (
				055028CC25B9BCE600526DF4 /* Debug */,
				055028CD25B9BCE600526DF4 /* Release */,
			);
			defaultConfigurationIsVisible = 0;
			defaultConfigurationName = Release;
		};
/* End XCConfigurationList section */
	};
	rootObject = 055028AF25B9BCE300526DF4 /* Project object */;
}
